Microsoft Visual Studio Solution File, Format Version 12.00
# Visual Studio 15
VisualStudioVersion = 15.0.27130.2026
MinimumVisualStudioVersion = 10.0.40219.1
Project("{2150E333-8FDC-42A3-9474-1A3956D46DE8}") = "CMake", "CMake", "{1C516A55-AD16-4F8D-B09F-FA99E7C35CFF}"
	ProjectSection(SolutionItems) = preProject
		CMakeLists.txt = CMakeLists.txt
		src\main\cmake\manifest.cmake = src\main\cmake\manifest.cmake
		src\main\cmake\manifest.in = src\main\cmake\manifest.in
		src\main\cmake\sakura.cmake = src\main\cmake\sakura.cmake
		src\main\cmake\version.cmake = src\main\cmake\version.cmake
		src\main\cmake\version.h.in = src\main\cmake\version.h.in
	EndProjectSection
EndProject
Project("{8BC9CEB8-8B4A-11D0-8D11-00A0C91BC942}") = "sakura", "sakura_core\sakura.vcxproj", "{AF03508C-515E-4A0E-87BE-67ED1E254BD0}"
	ProjectSection(ProjectDependencies) = postProject
		{AA83324E-945C-5DA6-AB97-F78AB60AB3F6} = {AA83324E-945C-5DA6-AB97-F78AB60AB3F6}
		{2C5F5234-4377-44B1-A848-A900523E69F0} = {2C5F5234-4377-44B1-A848-A900523E69F0}
		{A23ABB50-400A-5F96-A3E3-B0B98AA8E72F} = {A23ABB50-400A-5F96-A3E3-B0B98AA8E72F}
		{B8847AC5-D61E-5791-A68B-01D75A44E311} = {B8847AC5-D61E-5791-A68B-01D75A44E311}
		{CC278D78-B8A2-5C6B-9542-3A7BDE651FD8} = {CC278D78-B8A2-5C6B-9542-3A7BDE651FD8}
		{6499F505-C6B0-58F0-B3E7-70E32EB75439} = {6499F505-C6B0-58F0-B3E7-70E32EB75439}
		{2EAFFF0B-6ED3-569B-9402-F1D5C9955F03} = {2EAFFF0B-6ED3-569B-9402-F1D5C9955F03}
		{D7FBAA67-475E-5C67-B513-5DB1E035B14D} = {D7FBAA67-475E-5C67-B513-5DB1E035B14D}
	EndProjectSection
EndProject
Project("{8BC9CEB8-8B4A-11D0-8D11-00A0C91BC942}") = "tests1", "sakura_core\tests1.vcxproj", "{701E3407-EC27-49F7-ADC7-520CF2B4B438}"
	ProjectSection(ProjectDependencies) = postProject
		{AF03508C-515E-4A0E-87BE-67ED1E254BD0} = {AF03508C-515E-4A0E-87BE-67ED1E254BD0}
		{AA83324E-945C-5DA6-AB97-F78AB60AB3F6} = {AA83324E-945C-5DA6-AB97-F78AB60AB3F6}
		{2C5F5234-4377-44B1-A848-A900523E69F0} = {2C5F5234-4377-44B1-A848-A900523E69F0}
		{A23ABB50-400A-5F96-A3E3-B0B98AA8E72F} = {A23ABB50-400A-5F96-A3E3-B0B98AA8E72F}
		{B8847AC5-D61E-5791-A68B-01D75A44E311} = {B8847AC5-D61E-5791-A68B-01D75A44E311}
		{CC278D78-B8A2-5C6B-9542-3A7BDE651FD8} = {CC278D78-B8A2-5C6B-9542-3A7BDE651FD8}
		{6499F505-C6B0-58F0-B3E7-70E32EB75439} = {6499F505-C6B0-58F0-B3E7-70E32EB75439}
		{2EAFFF0B-6ED3-569B-9402-F1D5C9955F03} = {2EAFFF0B-6ED3-569B-9402-F1D5C9955F03}
		{D7FBAA67-475E-5C67-B513-5DB1E035B14D} = {D7FBAA67-475E-5C67-B513-5DB1E035B14D}
	EndProjectSection
EndProject
Project("{8BC9CEB8-8B4A-11D0-8D11-00A0C91BC942}") = "extension_host_security", "sakura_core\extension_host_security.vcxproj", "{2C5F5234-4377-44B1-A848-A900523E69F0}"
EndProject
Project("{8BC9CEB8-8B4A-11D0-8D11-00A0C91BC942}") = "sakura_uri", "src\main\modules\generated\msbuild\projects\sakura_uri.vcxproj", "{A23ABB50-400A-5F96-A3E3-B0B98AA8E72F}"
EndProject
Project("{8BC9CEB8-8B4A-11D0-8D11-00A0C91BC942}") = "sakura_serialization", "src\main\modules\generated\msbuild\projects\sakura_serialization.vcxproj", "{B8847AC5-D61E-5791-A68B-01D75A44E311}"
EndProject
Project("{8BC9CEB8-8B4A-11D0-8D11-00A0C91BC942}") = "sakura_filesystem", "src\main\modules\generated\msbuild\projects\sakura_filesystem.vcxproj", "{CC278D78-B8A2-5C6B-9542-3A7BDE651FD8}"
EndProject
Project("{8BC9CEB8-8B4A-11D0-8D11-00A0C91BC942}") = "sakura_request", "src\main\modules\generated\msbuild\projects\sakura_request.vcxproj", "{6499F505-C6B0-58F0-B3E7-70E32EB75439}"
EndProject
Project("{8BC9CEB8-8B4A-11D0-8D11-00A0C91BC942}") = "sakura_controlipc_protocol", "src\main\modules\generated\msbuild\projects\sakura_controlipc_protocol.vcxproj", "{AA83324E-945C-5DA6-AB97-F78AB60AB3F6}"
EndProject
Project("{8BC9CEB8-8B4A-11D0-8D11-00A0C91BC942}") = "sakura_controlipc_protocol_tests", "src\main\modules\generated\msbuild\projects\sakura_controlipc_protocol_tests.vcxproj", "{8902193C-A9F6-5084-BDC0-E46AF6DCFEB6}"
EndProject
Project("{8BC9CEB8-8B4A-11D0-8D11-00A0C91BC942}") = "sakura_storage", "src\main\modules\generated\msbuild\projects\sakura_storage.vcxproj", "{2EAFFF0B-6ED3-569B-9402-F1D5C9955F03}"
EndProject
Project("{8BC9CEB8-8B4A-11D0-8D11-00A0C91BC942}") = "sakura_security", "src\main\modules\generated\msbuild\projects\sakura_security.vcxproj", "{D7FBAA67-475E-5C67-B513-5DB1E035B14D}"
EndProject
Global
	GlobalSection(SolutionConfigurationPlatforms) = preSolution
		Debug|x64 = Debug|x64
		Release|x64 = Release|x64
	EndGlobalSection
	GlobalSection(ProjectConfigurationPlatforms) = postSolution
		{AF03508C-515E-4A0E-87BE-67ED1E254BD0}.Debug|x64.ActiveCfg = Debug|x64
		{AF03508C-515E-4A0E-87BE-67ED1E254BD0}.Debug|x64.Build.0 = Debug|x64
		{AF03508C-515E-4A0E-87BE-67ED1E254BD0}.Release|x64.ActiveCfg = Release|x64
		{AF03508C-515E-4A0E-87BE-67ED1E254BD0}.Release|x64.Build.0 = Release|x64
		{701E3407-EC27-49F7-ADC7-520CF2B4B438}.Debug|x64.ActiveCfg = Debug|x64
		{701E3407-EC27-49F7-ADC7-520CF2B4B438}.Debug|x64.Build.0 = Debug|x64
		{701E3407-EC27-49F7-ADC7-520CF2B4B438}.Release|x64.ActiveCfg = Release|x64
		{701E3407-EC27-49F7-ADC7-520CF2B4B438}.Release|x64.Build.0 = Release|x64
		{2C5F5234-4377-44B1-A848-A900523E69F0}.Debug|x64.ActiveCfg = Debug|x64
		{2C5F5234-4377-44B1-A848-A900523E69F0}.Debug|x64.Build.0 = Debug|x64
		{2C5F5234-4377-44B1-A848-A900523E69F0}.Release|x64.ActiveCfg = Release|x64
		{2C5F5234-4377-44B1-A848-A900523E69F0}.Release|x64.Build.0 = Release|x64
		{A23ABB50-400A-5F96-A3E3-B0B98AA8E72F}.Debug|x64.ActiveCfg = Debug|x64
		{A23ABB50-400A-5F96-A3E3-B0B98AA8E72F}.Debug|x64.Build.0 = Debug|x64
		{A23ABB50-400A-5F96-A3E3-B0B98AA8E72F}.Release|x64.ActiveCfg = Release|x64
		{A23ABB50-400A-5F96-A3E3-B0B98AA8E72F}.Release|x64.Build.0 = Release|x64
		{B8847AC5-D61E-5791-A68B-01D75A44E311}.Debug|x64.ActiveCfg = Debug|x64
		{B8847AC5-D61E-5791-A68B-01D75A44E311}.Debug|x64.Build.0 = Debug|x64
		{B8847AC5-D61E-5791-A68B-01D75A44E311}.Release|x64.ActiveCfg = Release|x64
		{B8847AC5-D61E-5791-A68B-01D75A44E311}.Release|x64.Build.0 = Release|x64
		{CC278D78-B8A2-5C6B-9542-3A7BDE651FD8}.Debug|x64.ActiveCfg = Debug|x64
		{CC278D78-B8A2-5C6B-9542-3A7BDE651FD8}.Debug|x64.Build.0 = Debug|x64
		{CC278D78-B8A2-5C6B-9542-3A7BDE651FD8}.Release|x64.ActiveCfg = Release|x64
		{CC278D78-B8A2-5C6B-9542-3A7BDE651FD8}.Release|x64.Build.0 = Release|x64
		{6499F505-C6B0-58F0-B3E7-70E32EB75439}.Debug|x64.ActiveCfg = Debug|x64
		{6499F505-C6B0-58F0-B3E7-70E32EB75439}.Debug|x64.Build.0 = Debug|x64
		{6499F505-C6B0-58F0-B3E7-70E32EB75439}.Release|x64.ActiveCfg = Release|x64
		{6499F505-C6B0-58F0-B3E7-70E32EB75439}.Release|x64.Build.0 = Release|x64
		{AA83324E-945C-5DA6-AB97-F78AB60AB3F6}.Debug|x64.ActiveCfg = Debug|x64
		{AA83324E-945C-5DA6-AB97-F78AB60AB3F6}.Debug|x64.Build.0 = Debug|x64
		{AA83324E-945C-5DA6-AB97-F78AB60AB3F6}.Release|x64.ActiveCfg = Release|x64
		{AA83324E-945C-5DA6-AB97-F78AB60AB3F6}.Release|x64.Build.0 = Release|x64
		{8902193C-A9F6-5084-BDC0-E46AF6DCFEB6}.Debug|x64.ActiveCfg = Debug|x64
		{8902193C-A9F6-5084-BDC0-E46AF6DCFEB6}.Debug|x64.Build.0 = Debug|x64
		{8902193C-A9F6-5084-BDC0-E46AF6DCFEB6}.Release|x64.ActiveCfg = Release|x64
		{8902193C-A9F6-5084-BDC0-E46AF6DCFEB6}.Release|x64.Build.0 = Release|x64
		{2EAFFF0B-6ED3-569B-9402-F1D5C9955F03}.Debug|x64.ActiveCfg = Debug|x64
		{2EAFFF0B-6ED3-569B-9402-F1D5C9955F03}.Debug|x64.Build.0 = Debug|x64
		{2EAFFF0B-6ED3-569B-9402-F1D5C9955F03}.Release|x64.ActiveCfg = Release|x64
		{2EAFFF0B-6ED3-569B-9402-F1D5C9955F03}.Release|x64.Build.0 = Release|x64
		{D7FBAA67-475E-5C67-B513-5DB1E035B14D}.Debug|x64.ActiveCfg = Debug|x64
		{D7FBAA67-475E-5C67-B513-5DB1E035B14D}.Debug|x64.Build.0 = Debug|x64
		{D7FBAA67-475E-5C67-B513-5DB1E035B14D}.Release|x64.ActiveCfg = Release|x64
		{D7FBAA67-475E-5C67-B513-5DB1E035B14D}.Release|x64.Build.0 = Release|x64
	EndGlobalSection
	GlobalSection(SolutionProperties) = preSolution
		HideSolutionNode = FALSE
	EndGlobalSection
	GlobalSection(ExtensibilityGlobals) = postSolution
		SolutionGuid = {06C18222-C02C-4F04-A17C-2453F9C27866}
	EndGlobalSection
EndGlobal
