<?xml version="1.0" encoding="utf-8"?>
<Project ToolsVersion="4.0" xmlns="http://schemas.microsoft.com/developer/msbuild/2003">
  <ItemGroup>
    <Filter Include="Source Files">
      <UniqueIdentifier>{8DAA28FB-BB72-4A72-888F-E468AD906FA2}</UniqueIdentifier>
      <Extensions>cpp;c;cc;cxx</Extensions>
    </Filter>
    <Filter Include="Host Files">
      <UniqueIdentifier>{7ED398B8-9EFC-4501-ADDC-A3F16900340C}</UniqueIdentifier>
    </Filter>
  </ItemGroup>
  <ItemGroup>
    <ClCompile Include="..\src\exthost\native\sakura_exthost_security.cpp">
      <Filter>Source Files</Filter>
    </ClCompile>
  </ItemGroup>
  <ItemGroup>
    <None Include="..\src\exthost\build.mjs">
      <Filter>Host Files</Filter>
    </None>
    <None Include="..\src\exthost\package.json">
      <Filter>Host Files</Filter>
    </None>
	<None Include="..\src\exthost\src\extension-host.cjs">
      <Filter>Host Files</Filter>
	</None>
	<None Include="..\src\exthost\src\extension-loader.cjs">
	  <Filter>Node Extension Host</Filter>
	</None>
    <None Include="..\src\exthost\src\vscode-api.cjs">
      <Filter>Host Files</Filter>
    </None>
  </ItemGroup>
</Project>
