<?xml version="1.0" encoding="utf-8"?>
<Project ToolsVersion="4.0" xmlns="http://schemas.microsoft.com/developer/msbuild/2003">
  <ItemGroup>
    <Filter Include="Test Files">
      <UniqueIdentifier>{690c7184-b796-460a-8fed-595dfa1930f4}</UniqueIdentifier>
    </Filter>
    <Filter Include="Deprecated Codes">
      <UniqueIdentifier>{594146a8-ae7c-401b-a064-af37dac4216e}</UniqueIdentifier>
    </Filter>
    <Filter Include="Other Files">
      <UniqueIdentifier>{0eefa0df-ca7f-489c-9844-9a182e1dba18}</UniqueIdentifier>
    </Filter>
    <Filter Include="Other Files\testing">
      <UniqueIdentifier>{f5277b5c-1446-48f8-acf0-82a8159010f9}</UniqueIdentifier>
    </Filter>
    <Filter Include="Other Files\env">
      <UniqueIdentifier>{17f8cd59-3000-4cc7-9d41-b34770ba8333}</UniqueIdentifier>
    </Filter>
    <Filter Include="Other Files\window">
      <UniqueIdentifier>{9d35d017-de16-4c86-9963-7960382e52ba}</UniqueIdentifier>
    </Filter>
    <Filter Include="Pre-compiled Header">
      <UniqueIdentifier>{7b508b25-349b-4d39-8fd2-d8e42ceafe83}</UniqueIdentifier>
    </Filter>
    <Filter Include="Resource Files">
      <UniqueIdentifier>{5c65d7b0-dbc3-457b-b062-2662606d3160}</UniqueIdentifier>
      <Extensions>ico;cur;bmp;dlg;rc2;rct;bin;rgs;gif;jpg;jpeg;jpe</Extensions>
    </Filter>
    <Filter Include="Other Files\dlg">
      <UniqueIdentifier>{fe8a4e97-7407-4cb3-9387-7a58c099410c}</UniqueIdentifier>
    </Filter>
    <Filter Include="Test Files\workbench">
      <UniqueIdentifier>{d3a288e7-580f-4876-9595-500ae1997d6e}</UniqueIdentifier>
    </Filter>
    <Filter Include="Test Files\debug">
      <UniqueIdentifier>{35aec67f-66a9-4b9d-9838-1f8e2d3e1140}</UniqueIdentifier>
    </Filter>
    <Filter Include="Test Files\platform">
      <UniqueIdentifier>{2b3bb0f2-9253-4128-a7c0-5c926e53be53}</UniqueIdentifier>
    </Filter>
    <Filter Include="Test Files\platform\controlipc">
      <UniqueIdentifier>{b8c4d661-7779-42bc-829a-a78d4c995156}</UniqueIdentifier>
    </Filter>
    <Filter Include="Test Files\config">
      <UniqueIdentifier>{fd73669b-2b65-4cdb-a56c-c504ce143d35}</UniqueIdentifier>
    </Filter>
    <Filter Include="Test Files\terminal">
      <UniqueIdentifier>{1e1bdd3c-4abc-489a-813e-3009a5c42279}</UniqueIdentifier>
    </Filter>
    <Filter Include="Test Files\terminal\window">
      <UniqueIdentifier>{42ddcfc4-d630-4dfd-a90f-2be4829db080}</UniqueIdentifier>
    </Filter>
    <Filter Include="Test Files\theme">
      <UniqueIdentifier>{76a0a45e-2586-4076-a6cb-76407e8e9e7b}</UniqueIdentifier>
    </Filter>
    <Filter Include="Test Files\markdown">
      <UniqueIdentifier>{812bfa2c-bc3f-4632-9877-fd0db69f872a}</UniqueIdentifier>
    </Filter>
    <Filter Include="Test Files\textmate">
      <UniqueIdentifier>{c0e4dc7e-1b5c-4589-b0a7-5f45e4dee811}</UniqueIdentifier>
    </Filter>
    <Filter Include="Test Files\window">
      <UniqueIdentifier>{3c46cf4d-69ef-4f62-95c3-2e4fd01980a4}</UniqueIdentifier>
    </Filter>
    <Filter Include="Test Files\env">
      <UniqueIdentifier>{5bf0f7ad-0291-4dac-b6dc-1f07b0df702a}</UniqueIdentifier>
    </Filter>
    <Filter Include="Test Files\update">
      <UniqueIdentifier>{7e3f9a21-4c58-4b0d-9f6e-2a1d5c8b47e3}</UniqueIdentifier>
    </Filter>
  </ItemGroup>
  <ItemGroup>
    <Text Include="..\src\test\cmake\tests1.cmake">
      <Filter>Other Files</Filter>
    </Text>
  </ItemGroup>
  <ItemGroup>
    <ClCompile Include="..\src\test\resources\pch.cpp">
      <Filter>Pre-compiled Header</Filter>
    </ClCompile>
    <ClCompile Include="..\src\test\resources\coverage.cpp" />
    <ClCompile Include="..\src\test\resources\code-main.cpp">
      <Filter>Other Files</Filter>
    </ClCompile>
    <ClCompile Include="..\src\test\resources\testing\StartEditorProcess.cpp">
      <Filter>Other Files\testing</Filter>
    </ClCompile>
    <ClCompile Include="..\src\test\cpp\tests1\dlg\ModalDialogCloser.cpp">
      <Filter>Other Files\dlg</Filter>
    </ClCompile>
    <ClCompile Include="..\src\test\cpp\tests1\env\ShareDataTestSuite.cpp">
      <Filter>Other Files\env</Filter>
    </ClCompile>
    <ClCompile Include="..\src\test\cpp\tests1\macro\test-macro.cpp">
      <Filter>Test Files</Filter>
    </ClCompile>
    <ClCompile Include="..\src\test\cpp\tests1\window\EditorTestSuite.cpp">
      <Filter>Other Files\window</Filter>
    </ClCompile>
    <ClCompile Include="..\src\test\cpp\tests1\window\UiaTestSuite.cpp">
      <Filter>Other Files\window</Filter>
    </ClCompile>
    <ClCompile Include="..\src\test\cpp\tests1\window\CustomFrameTest.cpp">
      <Filter>Test Files\window</Filter>
    </ClCompile>
    <ClCompile Include="..\src\test\cpp\tests1\window\CustomUiAutomationProviderTest.cpp">
      <Filter>Test Files\window</Filter>
    </ClCompile>
    <ClCompile Include="..\src\test\cpp\tests1\update\UpdateVersionTest.cpp">
      <Filter>Test Files\update</Filter>
    </ClCompile>
    <ClCompile Include="..\src\test\cpp\tests1\update\UpdateFeedTest.cpp">
      <Filter>Test Files\update</Filter>
    </ClCompile>
    <ClCompile Include="..\src\test\cpp\tests1\update\UpdateInstallerCommandLineTest.cpp">
      <Filter>Test Files\update</Filter>
    </ClCompile>
    <ClCompile Include="..\src\test\cpp\tests1\update\UpdateServiceTest.cpp">
      <Filter>Test Files\update</Filter>
    </ClCompile>
    <ClCompile Include="..\src\test\cpp\tests1\update\WorkbenchUpdateCommandsTest.cpp">
      <Filter>Test Files\update</Filter>
    </ClCompile>
    <ClCompile Include="..\src\test\cpp\tests1\agent\LoadFinalizationTest.cpp">
      <Filter>Test Files</Filter>
    </ClCompile>
	<ClCompile Include="..\src\test\cpp\tests1\window\DocumentTabActionLayoutTest.cpp">
	  <Filter>Test Files\window</Filter>
	</ClCompile>
    <ClCompile Include="..\src\test\cpp\tests1\workbench\CNotificationHostTest.cpp">
      <Filter>Test Files\workbench</Filter>
    </ClCompile>
    <ClCompile Include="..\src\test\cpp\tests1\workbench\WorkspaceConfigurationDocumentParserTest.cpp">
      <Filter>Test Files\workbench</Filter>
    </ClCompile>
    <ClCompile Include="..\src\test\cpp\tests1\workbench\WorkspaceWindowTransitionServiceTest.cpp">
      <Filter>Test Files\workbench</Filter>
    </ClCompile>
    <ClCompile Include="..\src\test\cpp\tests1\workbench\WorkspaceArtifactDocumentServiceTest.cpp">
      <Filter>Test Files\workbench</Filter>
    </ClCompile>
    <ClCompile Include="..\src\test\cpp\tests1\debug\LaunchConfigurationCatalogTest.cpp">
      <Filter>Test Files\debug</Filter>
    </ClCompile>
    <ClCompile Include="..\src\test\cpp\tests1\workbench\FolderTaskCatalogRegistryTest.cpp">
      <Filter>Test Files\workbench</Filter>
    </ClCompile>
    <ClCompile Include="..\src\test\cpp\tests1\workbench\TaskConfigurationCatalogTest.cpp">
      <Filter>Test Files\workbench</Filter>
    </ClCompile>
    <ClCompile Include="..\src\test\cpp\tests1\workbench\TaskExecutionServiceTest.cpp">
      <Filter>Test Files\workbench</Filter>
    </ClCompile>
    <ClCompile Include="..\src\test\cpp\tests1\workbench\TaskTerminalSessionFactoryTest.cpp">
      <Filter>Test Files\workbench</Filter>
    </ClCompile>
    <ClCompile Include="..\src\test\cpp\tests1\workbench\MarkerServiceTest.cpp">
      <Filter>Test Files\workbench</Filter>
    </ClCompile>
    <ClCompile Include="..\src\test\cpp\tests1\workbench\OutputServiceTest.cpp">
      <Filter>Test Files\workbench</Filter>
    </ClCompile>
    <ClCompile Include="..\src\test\cpp\tests1\workbench\PortForwardingServiceTest.cpp">
      <Filter>Test Files\workbench</Filter>
    </ClCompile>
    <ClCompile Include="..\src\test\cpp\tests1\debug\DapProtocolCodecTest.cpp">
      <Filter>Test Files\debug</Filter>
    </ClCompile>
    <ClCompile Include="..\src\test\cpp\tests1\debug\DapSessionTest.cpp">
      <Filter>Test Files\debug</Filter>
    </ClCompile>
    <ClCompile Include="..\src\test\cpp\tests1\debug\DebugConsoleModelTest.cpp">
      <Filter>Test Files\debug</Filter>
    </ClCompile>
    <ClCompile Include="..\src\test\cpp\tests1\workbench\WorkspaceArtifactDocumentSourceControllerTest.cpp">
      <Filter>Test Files\workbench</Filter>
    </ClCompile>
    <ClCompile Include="..\src\test\cpp\tests1\workbench\WorkspaceResourceDescriptorsTest.cpp">
      <Filter>Test Files\workbench</Filter>
    </ClCompile>
    <ClCompile Include="..\src\test\cpp\tests1\workbench\WorkbenchLayoutTest.cpp">
      <Filter>Test Files\workbench</Filter>
    </ClCompile>
    <ClCompile Include="..\src\test\cpp\tests1\workbench\WorkbenchBannerLayoutTest.cpp">
      <Filter>Test Files\workbench</Filter>
    </ClCompile>
	<ClCompile Include="..\src\test\cpp\tests1\workbench\CWorkspaceContextTest.cpp">
	  <Filter>Test Files\workbench</Filter>
	</ClCompile>
	<ClCompile Include="..\src\test\cpp\tests1\workbench\CWorkbenchPanelHostTest.cpp">
	  <Filter>Test Files\workbench</Filter>
	</ClCompile>
	<ClCompile Include="..\src\test\cpp\tests1\workbench\CWorkbenchRuntimeTest.cpp">
	  <Filter>Test Files\workbench</Filter>
	</ClCompile>
	<ClCompile Include="..\src\test\cpp\tests1\workbench\WorkbenchRuntimeWorkspaceTrustPromptTest.cpp">
	  <Filter>Test Files\workbench</Filter>
	</ClCompile>
	<ClCompile Include="..\src\test\cpp\tests1\workbench\ControlPlatformWorkbenchLayoutMementoStoreTest.cpp">
	  <Filter>Test Files\workbench</Filter>
	</ClCompile>
	<ClCompile Include="..\src\test\cpp\tests1\workbench\ControlPlatformWorkingCopyPersistenceStoreTest.cpp">
	  <Filter>Test Files\workbench</Filter>
	</ClCompile>
	<ClCompile Include="..\src\test\cpp\tests1\workbench\CEditDocWorkingCopyPersistenceAdapterTest.cpp">
	  <Filter>Test Files\workbench</Filter>
	</ClCompile>
	<ClCompile Include="..\src\test\cpp\tests1\workbench\WorkbenchContributionRegistryTest.cpp">
	  <Filter>Test Files\workbench</Filter>
	</ClCompile>
	<ClCompile Include="..\src\test\cpp\tests1\workbench\WorkbenchCommandRegistryTest.cpp">
	  <Filter>Test Files\workbench</Filter>
	</ClCompile>
	<ClCompile Include="..\src\test\cpp\tests1\workbench\RecentlyOpenedWorkspaceServiceTest.cpp">
	  <Filter>Test Files\workbench</Filter>
	</ClCompile>
	<ClCompile Include="..\src\test\cpp\tests1\workbench\StatusbarViewModelTest.cpp">
	  <Filter>Test Files\workbench</Filter>
	</ClCompile>
	<ClCompile Include="..\src\test\cpp\tests1\workbench\WorkbenchLayoutMementoCodecTest.cpp">
	  <Filter>Test Files\workbench</Filter>
	</ClCompile>
	<ClCompile Include="..\src\test\cpp\tests1\workbench\WorkbenchLayoutStateServiceTest.cpp">
	  <Filter>Test Files\workbench</Filter>
	</ClCompile>
	<ClCompile Include="..\src\test\cpp\tests1\workbench\ActivityBarTest.cpp">
	  <Filter>Test Files\workbench</Filter>
	</ClCompile>
	<ClCompile Include="..\src\test\cpp\tests1\workbench\ExtensionKeybindingMapTest.cpp">
	  <Filter>Test Files\workbench</Filter>
	</ClCompile>
	<ClCompile Include="..\src\test\cpp\tests1\workbench\BuiltinPartProjectionTest.cpp">
	  <Filter>Test Files\workbench</Filter>
	</ClCompile>
	<ClCompile Include="..\src\test\cpp\tests1\workbench\ProblemsOutputPanelProjectionTest.cpp">
	  <Filter>Test Files\workbench</Filter>
	</ClCompile>
	<ClCompile Include="..\src\test\cpp\tests1\workbench\ActivityBarTest.cpp">
	  <Filter>Test Files\workbench</Filter>
	</ClCompile>
	<ClCompile Include="..\src\test\cpp\tests1\workbench\ExplorerToolTest.cpp">
	  <Filter>Test Files\workbench</Filter>
	</ClCompile>
	<ClCompile Include="..\src\test\cpp\tests1\workbench\GitSourceControlTest.cpp">
	  <Filter>Test Files\workbench</Filter>
	</ClCompile>
	<ClCompile Include="..\src\test\cpp\tests1\workbench\GitLineStagingTest.cpp">
	  <Filter>Test Files\workbench</Filter>
	</ClCompile>
	<ClCompile Include="..\src\test\cpp\tests1\workbench\GitSyncCommandsTest.cpp">
	  <Filter>Test Files\workbench</Filter>
	</ClCompile>
	<ClCompile Include="..\src\test\cpp\tests1\workbench\FileIconThemeRegistryTest.cpp">
	  <Filter>Test Files\workbench</Filter>
	</ClCompile>
	<ClCompile Include="..\src\test\cpp\tests1\workbench\NativeWorkbenchToolRequestTest.cpp">
	  <Filter>Test Files\workbench</Filter>
	</ClCompile>
	<ClCompile Include="..\src\test\cpp\tests1\workbench\GitInitCloneCommandsTest.cpp">
	  <Filter>Test Files\workbench</Filter>
	</ClCompile>
	<ClCompile Include="..\src\test\cpp\tests1\workbench\ExtensionsViewIconDecoderTest.cpp">
	  <Filter>Test Files\workbench</Filter>
	</ClCompile>
	<ClCompile Include="..\src\test\cpp\tests1\workbench\ExtensionsViewInstallButtonStateTest.cpp">
	  <Filter>Test Files\workbench</Filter>
	</ClCompile>
	<ClCompile Include="..\src\test\cpp\tests1\workbench\ExtensionsViewSearchFilterTest.cpp">
	  <Filter>Test Files\workbench</Filter>
	</ClCompile>
	<ClCompile Include="..\src\test\cpp\tests1\workbench\ExtensionsViewSearchQueryTest.cpp">
	  <Filter>Test Files\workbench</Filter>
	</ClCompile>
	<ClCompile Include="..\src\test\cpp\tests1\workbench\GitInitCloneCommandRegistryTest.cpp">
	  <Filter>Test Files\workbench</Filter>
	</ClCompile>
	<ClCompile Include="..\src\test\cpp\tests1\workbench\ExplorerCommandRegistryTest.cpp">
	  <Filter>Test Files\workbench</Filter>
	</ClCompile>
	<ClCompile Include="..\src\test\cpp\tests1\workbench\WebviewUnsupportedTest.cpp">
	  <Filter>Test Files\workbench</Filter>
	</ClCompile>
	<ClCompile Include="..\src\test\cpp\tests1\workbench\OutlineWorkbenchToolTest.cpp">
	  <Filter>Test Files\workbench</Filter>
	</ClCompile>
	<ClCompile Include="..\src\test\cpp\tests1\workbench\CEditorServiceLegacyAdapterTest.cpp">
	  <Filter>Test Files\workbench</Filter>
	</ClCompile>
    <ClCompile Include="..\src\test\cpp\tests1\workbench\EmptyEditorSurfaceModelTest.cpp">
      <Filter>Test Files\workbench</Filter>
    </ClCompile>
    <ClCompile Include="..\src\test\cpp\tests1\workbench\EditorCoreServiceTest.cpp">
      <Filter>Test Files\workbench</Filter>
    </ClCompile>
    <ClCompile Include="..\src\test\cpp\tests1\workbench\EditorCoreRecoveredInputAdopterTest.cpp">
      <Filter>Test Files\workbench</Filter>
    </ClCompile>
    <ClCompile Include="..\src\test\cpp\tests1\workbench\EditorCoreWorkingCopyCaptureContextSourceTest.cpp">
      <Filter>Test Files\workbench</Filter>
    </ClCompile>
    <ClCompile Include="..\src\test\cpp\tests1\workbench\EditorWorkingCopyCoordinatorTest.cpp">
      <Filter>Test Files\workbench</Filter>
    </ClCompile>
    <ClCompile Include="..\src\test\cpp\tests1\workbench\EditorWorkingCopyLifecycleTest.cpp">
      <Filter>Test Files\workbench</Filter>
    </ClCompile>
    <ClCompile Include="..\src\test\cpp\tests1\workbench\EditorWorkingCopyLifecycleBridgeTest.cpp">
      <Filter>Test Files\workbench</Filter>
    </ClCompile>
    <ClCompile Include="..\src\test\cpp\tests1\workbench\WorkingCopyPersistenceCodecTest.cpp">
      <Filter>Test Files\workbench</Filter>
    </ClCompile>
    <ClCompile Include="..\src\test\cpp\tests1\workbench\WorkbenchBootstrapContextTest.cpp">
      <Filter>Test Files\workbench</Filter>
    </ClCompile>
    <ClCompile Include="..\src\test\cpp\tests1\platform\Windows11PlatformTest.cpp">
      <Filter>Test Files\platform</Filter>
    </ClCompile>
    <ClCompile Include="..\src\test\cpp\tests1\platform\VirtualStoreMigrationTest.cpp">
      <Filter>Test Files\platform</Filter>
    </ClCompile>
    <ClCompile Include="..\src\test\cpp\tests1\platform\PlatformServiceRegistryTest.cpp">
      <Filter>Test Files\platform</Filter>
    </ClCompile>
    <ClCompile Include="..\src\test\cpp\tests1\platform\RequestServiceTest.cpp">
      <Filter>Test Files\platform</Filter>
    </ClCompile>
    <ClCompile Include="..\src\test\cpp\tests1\platform\request\WinHttpRequestRuntimeTest.cpp">
      <Filter>Test Files\platform</Filter>
    </ClCompile>
    <ClCompile Include="..\src\test\cpp\tests1\platform\request\WinHttpSystemProxyResolverTest.cpp">
      <Filter>Test Files\platform</Filter>
    </ClCompile>
    <ClCompile Include="..\src\test\cpp\tests1\platform\LegacyExtensionSecretVaultReaderTest.cpp">
      <Filter>Test Files\platform</Filter>
    </ClCompile>
    <ClCompile Include="..\src\test\cpp\tests1\platform\SecretVaultLegacyMigrationCoordinatorTest.cpp">
      <Filter>Test Files\platform</Filter>
    </ClCompile>
    <ClCompile Include="..\src\test\cpp\tests1\platform\SecretVaultCapabilityServiceTest.cpp">
      <Filter>Test Files\platform</Filter>
    </ClCompile>
    <ClCompile Include="..\src\test\cpp\tests1\platform\SecretVaultExtensionGrantAuthorityTest.cpp">
      <Filter>Test Files\platform</Filter>
    </ClCompile>
    <ClCompile Include="..\src\test\cpp\tests1\platform\SecretVaultServiceTest.cpp">
      <Filter>Test Files\platform</Filter>
    </ClCompile>
    <ClCompile Include="..\src\test\cpp\tests1\platform\WindowsDpapiSecretVaultServiceTest.cpp">
      <Filter>Test Files\platform</Filter>
    </ClCompile>
    <ClCompile Include="..\src\test\cpp\tests1\platform\AtomicFileStorageServiceTest.cpp">
      <Filter>Test Files\platform</Filter>
    </ClCompile>
    <ClCompile Include="..\src\test\cpp\tests1\platform\StorageServiceTest.cpp">
      <Filter>Test Files\platform</Filter>
    </ClCompile>
    <ClCompile Include="..\src\test\cpp\tests1\platform\profiles\ProfileAuthorityStoreTest.cpp">
      <Filter>Test Files\platform</Filter>
    </ClCompile>
    <ClCompile Include="..\src\test\cpp\tests1\platform\profiles\ProfileBootstrapSnapshotTest.cpp">
      <Filter>Test Files\platform</Filter>
    </ClCompile>
    <ClCompile Include="..\src\test\cpp\tests1\platform\controlipc\ControlIpcProtocolTest.cpp">
      <Filter>Test Files\platform\controlipc</Filter>
    </ClCompile>
    <ClCompile Include="..\src\test\cpp\tests1\platform\controlipc\ControlIpcNamedPipeTransportTest.cpp">
      <Filter>Test Files\platform\controlipc</Filter>
    </ClCompile>
    <ClCompile Include="..\src\test\cpp\tests1\platform\controlipc\ControlIpcSecurityTest.cpp">
      <Filter>Test Files\platform\controlipc</Filter>
    </ClCompile>
    <ClCompile Include="..\src\test\cpp\tests1\platform\controlipc\ControlPlatformRpcServerAdapterTest.cpp">
      <Filter>Test Files\platform\controlipc</Filter>
    </ClCompile>
    <ClCompile Include="..\src\test\cpp\tests1\platform\controlipc\ControlSecretVaultRpcTest.cpp">
      <Filter>Test Files\platform\controlipc</Filter>
    </ClCompile>
    <ClCompile Include="..\src\test\cpp\tests1\platform\controlipc\ControlStorageRpcTest.cpp">
      <Filter>Test Files\platform\controlipc</Filter>
    </ClCompile>
    <ClCompile Include="..\src\test\cpp\tests1\platform\controlipc\ControlStorageRpcServerAdapterTest.cpp">
      <Filter>Test Files\platform\controlipc</Filter>
    </ClCompile>
    <ClCompile Include="..\src\test\cpp\tests1\platform\controlipc\ControlPlatformEndpointTest.cpp">
      <Filter>Test Files\platform\controlipc</Filter>
    </ClCompile>
    <ClCompile Include="..\src\test\cpp\tests1\platform\controlipc\ControlPlatformEndpointDiscoveryReaderTest.cpp">
      <Filter>Test Files\platform\controlipc</Filter>
    </ClCompile>
    <ClCompile Include="..\src\test\cpp\tests1\platform\controlipc\ControlPlatformRuntimeTest.cpp">
      <Filter>Test Files\platform\controlipc</Filter>
    </ClCompile>
    <ClCompile Include="..\src\test\cpp\tests1\platform\controlipc\ControlPlatformServiceHostTest.cpp">
      <Filter>Test Files\platform\controlipc</Filter>
    </ClCompile>
    <ClCompile Include="..\src\test\cpp\tests1\platform\controlipc\ControlPlatformClientTest.cpp">
      <Filter>Test Files\platform\controlipc</Filter>
    </ClCompile>
	<ClCompile Include="..\src\test\cpp\tests1\platform\controlipc\EditorControlPlatformRuntimeTest.cpp">
	  <Filter>Test Files\platform\controlipc</Filter>
	</ClCompile>
    <ClCompile Include="..\src\test\cpp\tests1\platform\controlipc\EditorSecretVaultClientTest.cpp">
      <Filter>Test Files\platform\controlipc</Filter>
    </ClCompile>
    <ClCompile Include="..\src\test\cpp\tests1\extension\ExtensionHostSecretVaultGrantLifecycleTest.cpp">
      <Filter>Test Files</Filter>
    </ClCompile>
	<ClCompile Include="..\src\test\cpp\tests1\extension\CExtensionHostControllerTest.cpp">
	  <Filter>Test Files</Filter>
	</ClCompile>
    <ClCompile Include="..\src\test\cpp\tests1\extension\SecretVaultStorageTest.cpp">
      <Filter>Test Files</Filter>
    </ClCompile>
    <ClCompile Include="..\src\test\cpp\tests1\platform\UserDataProfileRegistryTest.cpp">
      <Filter>Test Files\platform</Filter>
    </ClCompile>
    <ClCompile Include="..\src\test\cpp\tests1\platform\UserDataProfileBootstrapTest.cpp">
      <Filter>Test Files\platform</Filter>
    </ClCompile>
	<ClCompile Include="..\src\test\cpp\tests1\platform\profiles\DurableUserDataProfileRegistryServiceTest.cpp">
	  <Filter>Test Files\platform\profiles</Filter>
	</ClCompile>
	<ClCompile Include="..\src\test\cpp\tests1\platform\profiles\ControlUserDataProfileRegistryTest.cpp">
	  <Filter>Test Files\platform\profiles</Filter>
	</ClCompile>
    <ClCompile Include="..\src\test\cpp\tests1\config\ConfigurationServiceTest.cpp">
      <Filter>Test Files\config</Filter>
    </ClCompile>
    <ClCompile Include="..\src\test\cpp\tests1\config\ConfigurationNetworkPolicyTest.cpp">
      <Filter>Test Files\config</Filter>
    </ClCompile>
    <ClCompile Include="..\src\test\cpp\tests1\config\ConfigurationProxyServiceTest.cpp">
      <Filter>Test Files\config</Filter>
    </ClCompile>
    <ClCompile Include="..\src\test\cpp\tests1\config\ConfigurationFileSourceControllerTest.cpp">
      <Filter>Test Files\config</Filter>
    </ClCompile>
    <ClCompile Include="..\src\test\cpp\tests1\config\JsoncConfigurationSourceTest.cpp">
      <Filter>Test Files\config</Filter>
    </ClCompile>
    <ClCompile Include="..\src\test\cpp\tests1\config\editing\JsoncConfigurationEditorTest.cpp">
      <Filter>Test Files\config</Filter>
    </ClCompile>
    <ClCompile Include="..\src\test\cpp\tests1\config\WorkspaceContextServiceTest.cpp">
      <Filter>Test Files\config</Filter>
    </ClCompile>
    <ClCompile Include="..\src\test\cpp\tests1\config\WorkspaceTrustPolicyTest.cpp">
      <Filter>Test Files\config</Filter>
    </ClCompile>
    <ClCompile Include="..\src\test\cpp\tests1\config\WorkspaceTrustPromptPolicyTest.cpp">
      <Filter>Test Files\config</Filter>
    </ClCompile>
    <ClCompile Include="..\src\test\cpp\tests1\config\TrustedFoldersCodecTest.cpp">
      <Filter>Test Files\config</Filter>
    </ClCompile>
    <ClCompile Include="..\src\test\cpp\tests1\config\ControlPlatformTrustedFoldersStoreTest.cpp">
      <Filter>Test Files\config</Filter>
    </ClCompile>
    <ClCompile Include="..\src\test\cpp\tests1\config\WorkspaceTrustMementoCodecTest.cpp">
      <Filter>Test Files\config</Filter>
    </ClCompile>
    <ClCompile Include="..\src\test\cpp\tests1\config\ControlPlatformWorkspaceTrustMementoStoreTest.cpp">
      <Filter>Test Files\config</Filter>
    </ClCompile>
    <ClCompile Include="..\src\test\cpp\tests1\terminal\PowerShellLocatorTest.cpp">
      <Filter>Test Files\terminal</Filter>
    </ClCompile>
    <ClCompile Include="..\src\test\cpp\tests1\terminal\TerminalModelTest.cpp">
      <Filter>Test Files\terminal</Filter>
    </ClCompile>
    <ClCompile Include="..\src\test\cpp\tests1\terminal\TerminalUnicodeTest.cpp">
      <Filter>Test Files\terminal</Filter>
    </ClCompile>
    <ClCompile Include="..\src\test\cpp\tests1\terminal\TerminalParserTest.cpp">
      <Filter>Test Files\terminal</Filter>
    </ClCompile>
    <ClCompile Include="..\src\test\cpp\tests1\terminal\TerminalSessionTest.cpp">
      <Filter>Test Files\terminal</Filter>
    </ClCompile>
    <ClCompile Include="..\src\test\cpp\tests1\terminal\ConPtyCloseIntegrationTest.cpp">
      <Filter>Test Files\terminal</Filter>
    </ClCompile>
    <ClCompile Include="..\src\test\cpp\tests1\terminal\window\TerminalInputTest.cpp">
      <Filter>Test Files\terminal\window</Filter>
    </ClCompile>
    <ClCompile Include="..\src\test\cpp\tests1\terminal\window\TerminalColorResolverTest.cpp">
      <Filter>Test Files\terminal\window</Filter>
    </ClCompile>
	<ClCompile Include="..\src\test\cpp\tests1\terminal\window\TerminalFontMetricsTest.cpp">
	  <Filter>Test Files\terminal\window</Filter>
	</ClCompile>
	<ClCompile Include="..\src\test\cpp\tests1\terminal\window\TerminalHeaderLayoutTest.cpp">
	  <Filter>Test Files\terminal\window</Filter>
	</ClCompile>
    <ClCompile Include="..\src\test\cpp\tests1\terminal\window\TerminalRenderMappingTest.cpp">
      <Filter>Test Files\terminal\window</Filter>
    </ClCompile>
	<ClCompile Include="..\src\test\cpp\tests1\terminal\window\TerminalRenderPlanTest.cpp">
	  <Filter>Test Files\terminal\window</Filter>
	</ClCompile>
	<ClCompile Include="..\src\test\cpp\tests1\terminal\window\TerminalBuiltinGlyphRendererTest.cpp">
	  <Filter>Test Files\terminal\window</Filter>
	</ClCompile>
	<ClCompile Include="..\src\test\cpp\tests1\terminal\window\TerminalDWriteRendererTest.cpp">
	  <Filter>Test Files\terminal\window</Filter>
	</ClCompile>
	<ClCompile Include="..\src\test\cpp\tests1\terminal\window\TerminalLegacyRendererBaseline.cpp">
	  <Filter>Test Files\terminal\window</Filter>
	</ClCompile>
	<ClCompile Include="..\src\test\cpp\tests1\terminal\window\TerminalLegacyRendererBaselineTest.cpp">
	  <Filter>Test Files\terminal\window</Filter>
	</ClCompile>
	<ClCompile Include="..\src\test\cpp\tests1\terminal\window\TerminalScrollbarLayoutTest.cpp">
	  <Filter>Test Files\terminal\window</Filter>
	</ClCompile>
    <ClCompile Include="..\src\test\cpp\tests1\terminal\window\TerminalToolTest.cpp">
      <Filter>Test Files\terminal\window</Filter>
    </ClCompile>
    <ClCompile Include="..\src\test\cpp\tests1\markdown\MarkdownParserTest.cpp">
      <Filter>Test Files\markdown</Filter>
    </ClCompile>
    <ClCompile Include="..\src\test\cpp\tests1\markdown\MarkdownCodeHighlighterTest.cpp">
      <Filter>Test Files\markdown</Filter>
    </ClCompile>
    <ClCompile Include="..\src\test\cpp\tests1\markdown\MarkdownPreviewLayoutTest.cpp">
      <Filter>Test Files\markdown</Filter>
    </ClCompile>
    <ClCompile Include="..\src\test\cpp\tests1\theme\CThemeServiceTest.cpp">
      <Filter>Test Files\theme</Filter>
    </ClCompile>
    <ClCompile Include="..\src\test\cpp\tests1\theme\CColorThemeRegistryTest.cpp">
      <Filter>Test Files\theme</Filter>
    </ClCompile>
    <ClCompile Include="..\src\test\cpp\tests1\textmate\TextMateGrammarCompilerTest.cpp">
      <Filter>Test Files\textmate</Filter>
    </ClCompile>
    <ClCompile Include="..\src\test\cpp\tests1\textmate\TextMateJsonGrammarLoaderTest.cpp">
      <Filter>Test Files\textmate</Filter>
    </ClCompile>
    <ClCompile Include="..\src\test\cpp\tests1\textmate\TextMatePlistGrammarLoaderTest.cpp">
      <Filter>Test Files\textmate</Filter>
    </ClCompile>
    <ClCompile Include="..\src\test\cpp\tests1\textmate\TextMateScopeColorResolverTest.cpp">
      <Filter>Test Files\textmate</Filter>
    </ClCompile>
    <ClCompile Include="..\src\test\cpp\tests1\textmate\TextMateTokenizerTest.cpp">
      <Filter>Test Files\textmate</Filter>
    </ClCompile>
    <ClCompile Include="..\src\test\cpp\tests1\test-cmemory.cpp">
      <Filter>Test Files</Filter>
    </ClCompile>
    <ClCompile Include="..\src\test\cpp\tests1\test-cnative.cpp">
      <Filter>Test Files</Filter>
    </ClCompile>
    <ClCompile Include="..\src\test\cpp\tests1\test-int2dec.cpp">
      <Filter>Test Files</Filter>
    </ClCompile>
    <ClCompile Include="..\src\test\cpp\tests1\test-is_mailaddress.cpp">
      <Filter>Test Files</Filter>
    </ClCompile>
    <ClCompile Include="..\src\test\cpp\tests1\test-mydevmode.cpp">
      <Filter>Test Files</Filter>
    </ClCompile>
    <ClCompile Include="..\src\test\cpp\tests1\test-parameterized.cpp">
      <Filter>Test Files</Filter>
    </ClCompile>
    <ClCompile Include="..\src\test\cpp\tests1\test-sample.cpp">
      <Filter>Test Files</Filter>
    </ClCompile>
    <ClCompile Include="..\src\test\cpp\tests1\test-sample-disabled.cpp">
      <Filter>Test Files</Filter>
    </ClCompile>
    <ClCompile Include="..\src\test\cpp\tests1\test-StdControl.cpp">
      <Filter>Test Files</Filter>
    </ClCompile>
    <ClCompile Include="..\src\test\cpp\tests1\test-ccommandline.cpp">
      <Filter>Test Files</Filter>
    </ClCompile>
    <ClCompile Include="..\src\test\cpp\tests1\test-editinfo.cpp">
      <Filter>Test Files</Filter>
    </ClCompile>
    <ClCompile Include="..\src\test\cpp\tests1\test-ssearchoption.cpp">
      <Filter>Test Files</Filter>
    </ClCompile>
    <ClCompile Include="..\src\test\cpp\tests1\test-grepinfo.cpp">
      <Filter>Test Files</Filter>
    </ClCompile>
    <ClCompile Include="..\src\test\cpp\tests1\test-loadstring.cpp">
      <Filter>Test Files</Filter>
    </ClCompile>
    <ClCompile Include="..\src\test\cpp\tests1\test-clayoutint.cpp">
      <Filter>Test Files</Filter>
    </ClCompile>
    <ClCompile Include="..\src\test\cpp\tests1\test-cdlgprofilemgr.cpp">
      <Filter>Test Files</Filter>
    </ClCompile>
    <ClCompile Include="..\src\test\cpp\tests1\test-winmain.cpp">
      <Filter>Test Files</Filter>
    </ClCompile>
    <ClCompile Include="..\src\test\cpp\tests1\test-cprofile.cpp">
      <Filter>Test Files</Filter>
    </ClCompile>
    <ClCompile Include="..\src\test\cpp\tests1\test-string_ex.cpp">
      <Filter>Test Files</Filter>
    </ClCompile>
    <ClCompile Include="..\src\test\cpp\tests1\test-file.cpp">
      <Filter>Test Files</Filter>
    </ClCompile>
    <ClCompile Include="..\src\test\cpp\tests1\test-format.cpp">
      <Filter>Test Files</Filter>
    </ClCompile>
    <ClCompile Include="..\src\test\cpp\tests1\test-cwordparse.cpp">
      <Filter>Test Files</Filter>
    </ClCompile>
    <ClCompile Include="..\src\test\cpp\tests1\test-csakuraenvironment.cpp">
      <Filter>Test Files</Filter>
    </ClCompile>
    <ClCompile Include="..\src\test\cpp\tests1\test-charcode.cpp">
      <Filter>Test Files</Filter>
    </ClCompile>
    <ClCompile Include="..\src\test\cpp\tests1\test-cpudispatch.cpp">
      <Filter>Test Files</Filter>
    </ClCompile>
    <ClCompile Include="..\src\test\cpp\tests1\test-zoom.cpp">
      <Filter>Test Files</Filter>
    </ClCompile>
    <ClCompile Include="..\src\test\cpp\tests1\test-cerrorinfo.cpp">
      <Filter>Test Files</Filter>
    </ClCompile>
    <ClCompile Include="..\src\test\cpp\tests1\test-cextensionmanager.cpp">
      <Filter>Test Files</Filter>
    </ClCompile>
    <ClCompile Include="..\src\test\cpp\tests1\test-cextensionclientreconnectpolicy.cpp">
      <Filter>Test Files</Filter>
    </ClCompile>
    <ClCompile Include="..\src\test\cpp\tests1\test-cextensiondocumentbridge.cpp">
      <Filter>Test Files</Filter>
    </ClCompile>
    <ClCompile Include="..\src\test\cpp\tests1\test-cextensionhostbroker.cpp">
      <Filter>tests1</Filter>
    </ClCompile>
    <ClCompile Include="..\src\test\cpp\tests1\test-cextensionhostintegration.cpp">
      <Filter>tests1</Filter>
    </ClCompile>
    <ClCompile Include="..\src\test\cpp\tests1\test-cextensionhostprocess.cpp">
      <Filter>tests1</Filter>
    </ClCompile>
    <ClCompile Include="..\src\test\cpp\tests1\test-cextensionhostsharedstate.cpp">
      <Filter>tests1</Filter>
    </ClCompile>
    <ClCompile Include="..\src\test\cpp\tests1\test-cextensionhoststatemachine.cpp">
      <Filter>Test Files</Filter>
    </ClCompile>
    <ClCompile Include="..\src\test\cpp\tests1\test-cextensionpipetransport.cpp">
      <Filter>tests1</Filter>
    </ClCompile>
    <ClCompile Include="..\src\test\cpp\tests1\test-cextensionsecretstorage.cpp">
      <Filter>Test Files</Filter>
    </ClCompile>
    <ClCompile Include="..\src\test\cpp\tests1\test-cextensionworkbenchmodels.cpp">
      <Filter>Test Files</Filter>
    </ClCompile>
    <ClCompile Include="..\src\test\cpp\tests1\test-cextensionworkbenchdispatcher.cpp">
      <Filter>Test Files</Filter>
    </ClCompile>
    <ClCompile Include="..\src\test\cpp\tests1\test-cextensionworkbenchui.cpp">
      <Filter>Test Files</Filter>
    </ClCompile>
    <ClCompile Include="..\src\test\cpp\tests1\test-hovermarkdown.cpp">
      <Filter>Test Files</Filter>
    </ClCompile>
    <ClCompile Include="..\src\test\cpp\tests1\test-ccodiconfont.cpp">
      <Filter>Test Files</Filter>
    </ClCompile>
    <ClCompile Include="..\src\test\cpp\tests1\test-themeiconresolver.cpp">
      <Filter>Test Files</Filter>
    </ClCompile>
    <ClCompile Include="..\src\test\cpp\tests1\test-cextensionviewregistry.cpp">
      <Filter>Test Files</Filter>
    </ClCompile>
    <ClCompile Include="..\src\test\cpp\tests1\test-cextensionrpcprotocol.cpp">
      <Filter>Test Files</Filter>
    </ClCompile>
    <ClCompile Include="..\src\test\cpp\tests1\test-cjsonrpcframecodec.cpp">
      <Filter>Test Files</Filter>
    </ClCompile>
    <ClCompile Include="..\src\test\cpp\tests1\test-copenvsxclient.cpp">
      <Filter>Test Files</Filter>
    </ClCompile>
    <ClCompile Include="..\src\test\cpp\tests1\extension\CExtensionContributionRegistryTest.cpp">
      <Filter>Test Files</Filter>
    </ClCompile>
    <ClCompile Include="..\src\test\cpp\tests1\extension\ExtensionMenuProjectionTest.cpp">
      <Filter>Test Files</Filter>
    </ClCompile>
    <ClCompile Include="..\src\test\cpp\tests1\extension\OpenVsxRequestServiceAdapterTest.cpp">
      <Filter>Test Files</Filter>
    </ClCompile>
    <ClCompile Include="..\src\test\cpp\tests1\extension\OpenVsxProductionClientTest.cpp">
      <Filter>Test Files</Filter>
    </ClCompile>
    <ClCompile Include="..\src\test\cpp\tests1\extension\CExtensionManagerStreamedInstallTest.cpp">
      <Filter>Test Files</Filter>
    </ClCompile>
    <ClCompile Include="..\src\test\cpp\tests1\extension\ExtensionUntrustedWorkspaceSupportTest.cpp">
      <Filter>Test Files</Filter>
    </ClCompile>
    <ClCompile Include="..\src\test\cpp\tests1\test-ctextmetrics.cpp">
      <Filter>Test Files</Filter>
    </ClCompile>
    <ClCompile Include="..\src\test\cpp\tests1\test-cclipboard.cpp">
      <Filter>Test Files</Filter>
    </ClCompile>
    <ClCompile Include="..\src\test\cpp\tests1\test-design_template.cpp">
      <Filter>Test Files</Filter>
    </ClCompile>
    <ClCompile Include="..\src\test\cpp\tests1\test-docoutline.cpp">
      <Filter>Test Files</Filter>
    </ClCompile>
    <ClCompile Include="..\src\test\cpp\tests1\test-cconvert.cpp">
      <Filter>Test Files</Filter>
    </ClCompile>
    <ClCompile Include="..\src\test\cpp\tests1\test-cdecode.cpp">
      <Filter>Test Files</Filter>
    </ClCompile>
    <ClCompile Include="..\src\test\cpp\tests1\test-ccodebase.cpp">
      <Filter>Test Files</Filter>
    </ClCompile>
    <ClCompile Include="..\src\test\cpp\tests1\test-cdlgopenfile.cpp">
      <Filter>Test Files</Filter>
    </ClCompile>
    <ClCompile Include="..\src\test\cpp\tests1\test-cfileext.cpp">
      <Filter>Test Files</Filter>
    </ClCompile>
    <ClCompile Include="..\src\test\cpp\tests1\test-cfuncinfoarr.cpp">
      <Filter>Test Files</Filter>
    </ClCompile>
    <ClCompile Include="..\src\test\cpp\tests1\test-cdoctypemanager.cpp">
      <Filter>Test Files</Filter>
    </ClCompile>
    <ClCompile Include="..\src\test\cpp\tests1\test-ceol.cpp">
      <Filter>Test Files</Filter>
    </ClCompile>
    <ClCompile Include="..\src\test\resources\printECodeType.cpp">
      <Filter>Other Files</Filter>
    </ClCompile>
    <ClCompile Include="..\src\test\resources\printEEolType.cpp">
      <Filter>Other Files</Filter>
    </ClCompile>
    <ClCompile Include="..\src\test\resources\printEFunctionCode.cpp">
      <Filter>Other Files</Filter>
    </ClCompile>
    <ClCompile Include="..\src\test\cpp\tests1\test-cdocline.cpp">
      <Filter>Test Files</Filter>
    </ClCompile>
    <ClCompile Include="..\src\test\cpp\tests1\test-cdoclinemgr.cpp">
      <Filter>Test Files</Filter>
    </ClCompile>
    <ClCompile Include="..\src\test\cpp\tests1\test-csearchagent.cpp">
      <Filter>Test Files</Filter>
    </ClCompile>
    <ClCompile Include="..\src\test\cpp\tests1\test-crunningtimer.cpp">
      <Filter>Test Files</Filter>
    </ClCompile>
    <ClCompile Include="..\src\test\cpp\tests1\ZipArchiveFixture.cpp">
      <Filter>Test Files</Filter>
    </ClCompile>
    <ClCompile Include="..\src\test\cpp\tests1\test-czipfile.cpp">
      <Filter>Test Files</Filter>
    </ClCompile>
    <ClCompile Include="..\src\test\cpp\tests1\test-cextensioniconfont.cpp">
      <Filter>Test Files</Filter>
    </ClCompile>
    <ClCompile Include="..\src\test\cpp\tests1\test-statictype.cpp">
      <Filter>Test Files</Filter>
    </ClCompile>
    <ClCompile Include="..\src\test\cpp\tests1\test-window.cpp">
      <Filter>Test Files</Filter>
    </ClCompile>
    <ClCompile Include="..\src\test\cpp\tests1\test-csharedata.cpp">
      <Filter>Test Files</Filter>
    </ClCompile>
	<ClCompile Include="..\src\test\cpp\tests1\env\WorkbenchSettingsTest.cpp">
		<Filter>Test Files\env</Filter>
	</ClCompile>
    <ClCompile Include="..\src\test\cpp\tests1\test-messageboxf.cpp">
      <Filter>Test Files</Filter>
    </ClCompile>
    <ClCompile Include="..\src\test\cpp\tests1\macro\test-cppa.cpp">
      <Filter>Test Files</Filter>
    </ClCompile>
    <ClCompile Include="..\src\test\cpp\tests1\test-extmodules.cpp">
      <Filter>Test Files</Filter>
    </ClCompile>
    <ClCompile Include="..\src\test\cpp\tests1\test-codechecker.cpp">
      <Filter>Test Files</Filter>
    </ClCompile>
  </ItemGroup>
  <ItemGroup>
    <ClInclude Include="..\src\test\resources\pch.h">
      <Filter>Pre-compiled Header</Filter>
    </ClInclude>
    <ClInclude Include="..\src\test\resources\testing\CrtAllocHook.hpp">
      <Filter>Other Files\testing</Filter>
    </ClInclude>
    <ClInclude Include="..\src\test\resources\testing\HResultEq.hpp">
      <Filter>Other Files\testing</Filter>
    </ClInclude>
    <ClInclude Include="..\src\test\resources\testing\StartEditorProcess.hpp">
      <Filter>Other Files\testing</Filter>
    </ClInclude>
    <ClInclude Include="..\src\test\cpp\tests1\ZipArchiveFixture.h">
      <Filter>Other Files</Filter>
    </ClInclude>
    <ClInclude Include="..\src\test\cpp\tests1\dlg\ModalDialogCloser.hpp">
      <Filter>Other Files\dlg</Filter>
    </ClInclude>
    <ClInclude Include="..\src\test\cpp\tests1\env\ShareDataTestSuite.hpp">
      <Filter>Other Files\env</Filter>
    </ClInclude>
    <ClInclude Include="..\src\test\cpp\tests1\window\EditorTestSuite.hpp">
      <Filter>Other Files\window</Filter>
    </ClInclude>
    <ClInclude Include="..\src\test\cpp\tests1\window\UiaTestSuite.hpp">
      <Filter>Other Files\window</Filter>
    </ClInclude>
    <ClInclude Include="..\src\test\cpp\tests1\terminal\window\TerminalLegacyRendererBaseline.h">
      <Filter>Other Files\terminal\window</Filter>
    </ClInclude>
    <ClInclude Include="..\src\test\resources\eval_outputs.hpp">
      <Filter>Other Files</Filter>
    </ClInclude>
    <ClInclude Include="..\src\test\resources\TExtModule.hpp">
      <Filter>Other Files</Filter>
    </ClInclude>
  </ItemGroup>
  <ItemGroup>
    <ClInclude Include="..\src\test\resources\tests1_rc.h">
      <Filter>Resource Files</Filter>
    </ClInclude>
    <ClInclude Include="..\src\test\resources\rt_zipres.h">
      <Filter>Resource Files</Filter>
    </ClInclude>
    <ResourceCompile Include="..\sakura_core\tests1_rc.rc">
      <Filter>Resource Files</Filter>
    </ResourceCompile>
  </ItemGroup>
</Project>
